github.com/HyperspaceApp/ed25519 v0.0.0-20180910071725-57bc43264693 h1:nrnbPVVH7V7TrXAQeX2FCCClMehv5zsaY6YVLk8SY4k=
github.com/HyperspaceApp/ed25519 v0.0.0-20180910071725-57bc43264693/go.mod h1:kYUul5CQsYmIp7GB/wqqa10u82zGb92dmPeNPPdnc4Y=
github.com/coreos/bbolt v1.3.1-coreos.6.0.20180318001526-af9db2027c98 h1:oWP4KxUD7aOeKajtnU4/gqkJOTze6zHP6z/aTmI94/4=
github.com/coreos/bbolt v1.3.1-coreos.6.0.20180318001526-af9db2027c98/go.mod h1:iRUV2dpdMOn7Bo10OQBFzIJO9kkE559Wcmn+qkEiiKk=
github.com/coreos/bbolt v1.3.2 h1:wZwiHHUieZCquLkDL0B8UhzreNWsPHooDAG3q34zk0s=
github.com/coreos/bbolt v1.3.2/go.mod h1:iRUV2dpdMOn7Bo10OQBFzIJO9kkE559Wcmn+qkEiiKk=
github.com/coreos/bbolt v1.3.3-0.20190510211640-4af6cfab7010 h1:r7rAwgvJTlOVpQpBbLsLQ+twhOykFxcFDiurFw7dv4Y=
github.com/coreos/bbolt v1.3.3-0.20190510211640-4af6cfab7010/go.mod h1:iRUV2dpdMOn7Bo10OQBFzIJO9kkE559Wcmn+qkEiiKk=
github.com/dchest/threefish v0.0.0-20120919164726-3ecf4c494abf h1:K5VXW9LjmJv/xhjvQcNWTdk4WOSyreil6YaubuCPeRY=
github.com/dchest/threefish v0.0.0-20120919164726-3ecf4c494abf/go.mod h1:bXVurdTuvOiJu7NHALemFe0JMvC2UmwYHW+7fcZaZ2M=
github.com/julienschmidt/httprouter v1.2.0 h1:TDTW5Yz1mjftljbcKqRcrYhd4XeOoI98t+9HbQbYf7g=
github.com/julienschmidt/httprouter v1.2.0/go.mod h1:SYymIcj16QtmaHHD7aYtjjsJG7VTCxuUUipMqKk8s4w=
github.com/klauspost/cpuid v1.2.1 h1:vJi+O/nMdFt0vqm8NZBI6wzALWdA2X+egi0ogNyrC/w=
github.com/klauspost/cpuid v1.2.1/go.mod h1:Pj4uuM528wm8OyEC2QMXAi2YiTZ96dNQPGgoMS4s3ek=
github.com/klauspost/reedsolomon v1.9.1 h1:kYrT1MlR4JH6PqOpC+okdb9CDTcwEC/BqpzK4WFyXL8=
github.com/klauspost/reedsolomon v1.9.1/go.mod h1:CwCi+NUr9pqSVktrkN+Ondf06rkhYZ/pcNv7fu+8Un4=
github.com/patrickmn/go-cache v2.1.0+incompatible h1:HRMgzkcYKYpi3C8ajMPV8OFXaaRUnok+kx1WdO15EQc=
github.com/patrickmn/go-cache v2.1.0+incompatible/go.mod h1:3Qf8kWWT7OJRJbdiICTKqZju1ZixQ/KpMGzzAfe6+WQ=
github.com/satori/go.uuid v1.2.0 h1:0uYX9dsZ2yD7q2RtLRtPSdGDWzjeM3TbMJP9utgA0ww=
github.com/satori/go.uuid v1.2.0/go.mod h1:dA0hQrYB0VpLJoorglMZABFdXlWrHn1NEOzdhQKdks0=
gitlab.com/NebulousLabs/Sia v1.4.0 h1:hVjrcRl2yOkeZUJ4qWC3WsFF4FI0y2XH4H+xYi8X3fM=
gitlab.com/NebulousLabs/Sia v1.4.0/go.mod h1:/q1B7t7aJxmYhaAuHS7qnIsGkmNXlx3v9RmvGhP5s+k=
gitlab.com/NebulousLabs/entropy-mnemonics v0.0.0-20181018051301-7532f67e3500 h1:BUDZfLl/9IRseYl7/GW1DF+11SYCMJ6P4whCBJhtEhQ=
gitlab.com/NebulousLabs/entropy-mnemonics v0.0.0-20181018051301-7532f67e3500/go.mod h1:4koft3fRXTETovKPTeX/Aggj+ajCGWCcuuBBc598Pcs=
gitlab.com/NebulousLabs/errors v0.0.0-20171229012116-7ead97ef90b8 h1:gZfMjx7Jr6N8b7iJO4eUjDsn6xJqoyXg8D+ogdoAfKY=
gitlab.com/NebulousLabs/errors v0.0.0-20171229012116-7ead97ef90b8/go.mod h1:ZkMZ0dpQyWwlENaeZVBiQRjhMEZvk6VTXquzl3FOFP8=
gitlab.com/NebulousLabs/fastrand v0.0.0-20181126182046-603482d69e40 h1:dizWJqTWjwyD8KGcMOwgrkqu1JIkofYgKkmDeNE7oAs=
gitlab.com/NebulousLabs/fastrand v0.0.0-20181126182046-603482d69e40/go.mod h1:rOnSnoRyxMI3fe/7KIbVcsHRGxe30OONv8dEgo+vCfA=
gitlab.com/NebulousLabs/merkletree v0.0.0-20190207030457-bc4a11e31a0d h1:ObC0V0W72CGqAliMv63xNEzKI6V0FnKcNHfi4+X5jiY=
gitlab.com/NebulousLabs/merkletree v0.0.0-20190207030457-bc4a11e31a0d/go.mod h1:xItahGeKIkh9BQfxDEX6O3eWxOxbLBPX738sXm0uVaQ=
gitlab.com/NebulousLabs/ratelimit v0.0.0-20180716154200-1308156c2eaf h1:B0oWvYNYeov4s6nzoVPN4qxdAanrlR9mx552axpnXmg=
gitlab.com/NebulousLabs/ratelimit v0.0.0-20180716154200-1308156c2eaf/go.mod h1:vowDA1cdvtWW678ugB7L/yKT2pCN37aH6zYp9NF5Isc=
gitlab.com/NebulousLabs/sia v1.4.0 h1:3biOAyXgIka/Ro3eHvspaKPpHYhu2t5W1QESO8ygvU4=
gitlab.com/NebulousLabs/sia v1.4.1-0.20190513174030-afa27b6cf3cc h1:QnfezlmktnI3sXaGNGxORmb5gxsJuh65LEdC7CTJY7c=
gitlab.com/NebulousLabs/sia v1.4.1-0.20190513174030-afa27b6cf3cc/go.mod h1:d6WpFILADuKapbuBbeD3MXx9nbmX+Y+xr7WpsoDY6oo=
gitlab.com/NebulousLabs/writeaheadlog v0.0.0-20180919184411-4f883ffbdd01 h1:LDXYBpbbxNhmRZgcyGagTJMaggP64gYj3E6KTAyrVOU=
gitlab.com/NebulousLabs/writeaheadlog v0.0.0-20180919184411-4f883ffbdd01/go.mod h1:Lhpa9AcbWcYKcc4amZsOHqJdQglnkWrGuUI68XC7U2Q=
golang.org/x/crypto v0.0.0-20190308221718-c2843e01d9a2/go.mod h1:djNgcEr1/C05ACkg1iLfiJU5Ep61QUkGW8qpdssI0+w=
golang.org/x/crypto v0.0.0-20190513172903-22d7a77e9e5f h1:R423Cnkcp5JABoeemiGEPlt9tHXFfw5kvc0yqlxRPWo=
golang.org/x/crypto v0.0.0-20190513172903-22d7a77e9e5f/go.mod h1:yigFU9vqHzYiE8UmvKecakEJjdnWj3jj499lnFckfCI=
golang.org/x/net v0.0.0-20190404232315-eb5bcb51f2a3/go.mod h1:t9HGtf8HONx5eT2rtn7q6eTqICYqUVnKs3thJo3Qplg=
golang.org/x/sys v0.0.0-20190215142949-d0b11bdaac8a/go.mod h1:STP8DvDyc/dI5b8T5hshtkjS+E42TnysNCUPdjciGhY=
golang.org/x/sys v0.0.0-20190412213103-97732733099d h1:+R4KGOnez64A81RvjARKc4UT5/tI9ujCIVX+P5KiHuI=
golang.org/x/sys v0.0.0-20190412213103-97732733099d/go.mod h1:h1NjWce9XRLGQEsW7wpKNCjG9DtNlClVuFLEZdDNbEs=
golang.org/x/text v0.3.0 h1:g61tztE5qeGQ89tm6NTjjM9VPIm088od1l6aSorWRWg=
golang.org/x/text v0.3.0/go.mod h1:NqM8EUOU14njkJ3fqMW+pc6Ldnwhi/IjpwHt7yyuwOQ=
